<Solution>
  <Folder Name="/src/">
    <Project Path="src/Movies.API/Movies.API.csproj" />
    <Project Path="src/Movies.Application/Movies.Application.csproj" />
    <Project Path="src/Movies.Domain/Movies.Domain.csproj" />
    <Project Path="src/Movies.Infrastructure/Movies.Infrastructure.csproj" />
  </Folder>
</Solution>
